// !$*UTF8*$!
{
	archiveVersion = 1;
	classes = {
	};
	objectVersion = 77;
	objects = {

/* Begin PBXBuildFile section */
		C5D4E08A2F1B57A1007D8F8D /* Auth in Frameworks */ = {isa = PBXBuildFile; productRef = C5D4E0892F1B57A1007D8F8D /* Auth */; };
		C5D4E08C2F1B57A1007D8F8D /* Functions in Frameworks */ = {isa = PBXBuildFile; productRef = C5D4E08B2F1B57A1007D8F8D /* Functions */; };
		C5D4E08E2F1B57A1007D8F8D /* PostgREST in Frameworks */ = {isa = PBXBuildFile; productRef = C5D4E08D2F1B57A1007D8F8D /* PostgREST */; };
		C5D4E0902F1B57A1007D8F8D /* Realtime in Frameworks */ = {isa = PBXBuildFile; productRef = C5D4E08F2F1B57A1007D8F8D /* Realtime */; };
		C5D4E0922F1B57A1007D8F8D /* Storage in Frameworks */ = {isa = PBXBuildFile; productRef = C5D4E0912F1B57A1007D8F8D /* Storage */; };
		C5D4E0992F1B60C4007D8F8D /* GoogleSignIn in Frameworks */ = {isa = PBXBuildFile; productRef = C5D4E0982F1B60C4007D8F8D /* GoogleSignIn */; };
		C5D4E09B2F1B60C4007D8F8D /* GoogleSignInSwift in Frameworks */ = {isa = PBXBuildFile; productRef = C5D4E09A2F1B60C4007D8F8D /* GoogleSignInSwift */; };
		C5D4E0A02F1B688C007D8F8D /* Supabase in Frameworks */ = {isa = PBXBuildFile; productRef = C5D4E09F2F1B688C007D8F8D /* Supabase */; };
/* End PBXBuildFile section */

/* Begin PBXContainerItemProxy section */
		13B86F642EDD3A2C0030DD94 /* PBXContainerItemProxy */ = {
			isa = PBXContainerItemProxy;
			containerPortal = 13B86F4C2EDD3A2A0030DD94 /* Project object */;
			proxyType = 1;
			remoteGlobalIDString = 13B86F532EDD3A2B0030DD94;
			remoteInfo = "Cira-";
		};
		13B86F6E2EDD3A2C0030DD94 /* PBXContainerItemProxy */ = {
			isa = PBXContainerItemProxy;
			containerPortal = 13B86F4C2EDD3A2A0030DD94 /* Project object */;
			proxyType = 1;
			remoteGlobalIDString = 13B86F532EDD3A2B0030DD94;
			remoteInfo = "Cira-";
		};
/* End PBXContainerItemProxy section */

/* Begin PBXFileReference section */
		13B86F542EDD3A2B0030DD94 /* Cira.app */ = {isa = PBXFileReference; explicitFileType = wrapper.application; includeInIndex = 0; path = Cira.app; sourceTree = BUILT_PRODUCTS_DIR; };
		13B86F632EDD3A2C0030DD94 /* CiraTests.xctest */ = {isa = PBXFileReference; explicitFileType = wrapper.cfbundle; includeInIndex = 0; path = CiraTests.xctest; sourceTree = BUILT_PRODUCTS_DIR; };
		13B86F6D2EDD3A2C0030DD94 /* CiraUITests.xctest */ = {isa = PBXFileReference; explicitFileType = wrapper.cfbundle; includeInIndex = 0; path = CiraUITests.xctest; sourceTree = BUILT_PRODUCTS_DIR; };
/* End PBXFileReference section */

/* Begin PBXFileSystemSynchronizedBuildFileExceptionSet section */
		C5D4E0942F1B5CD9007D8F8D /* Exceptions for "Cira" folder in "Cira" target */ = {
			isa = PBXFileSystemSynchronizedBuildFileExceptionSet;
			membershipExceptions = (
				Info.plist,
			);
			target = 13B86F532EDD3A2B0030DD94 /* Cira */;
		};
/* End PBXFileSystemSynchronizedBuildFileExceptionSet section */

/* Begin PBXFileSystemSynchronizedRootGroup section */
		13B86F562EDD3A2B0030DD94 /* Cira */ = {
			isa = PBXFileSystemSynchronizedRootGroup;
			exceptions = (
				C5D4E0942F1B5CD9007D8F8D /* Exceptions for "Cira" folder in "Cira" target */,
			);
			path = Cira;
			sourceTree = "<group>";
		};
		13B86F662EDD3A2C0030DD94 /* Cira-Tests */ = {
			isa = PBXFileSystemSynchronizedRootGroup;
			path = "Cira-Tests";
			sourceTree = "<group>";
		};
		13B86F702EDD3A2C0030DD94 /* Cira-UITests */ = {
			isa = PBXFileSystemSynchronizedRootGroup;
			path = "Cira-UITests";
			sourceTree = "<group>";
		};
/* End PBXFileSystemSynchronizedRootGroup section */

/* Begin PBXFrameworksBuildPhase section */
		13B86F512EDD3A2B0030DD94 /* Frameworks */ = {
			isa = PBXFrameworksBuildPhase;
			buildActionMask = 2147483647;
			files = (
				C5D4E08E2F1B57A1007D8F8D /* PostgREST in Frameworks */,
				C5D4E08C2F1B57A1007D8F8D /* Functions in Frameworks */,
				C5D4E09B2F1B60C4007D8F8D /* GoogleSignInSwift in Frameworks */,
				C5D4E08A2F1B57A1007D8F8D /* Auth in Frameworks */,
				C5D4E0A02F1B688C007D8F8D /* Supabase in Frameworks */,
				C5D4E0922F1B57A1007D8F8D /* Storage in Frameworks */,
				C5D4E0902F1B57A1007D8F8D /* Realtime in Frameworks */,
				C5D4E0992F1B60C4007D8F8D /* GoogleSignIn in Frameworks */,
			);
			runOnlyForDeploymentPostprocessing = 0;
		};
		13B86F602EDD3A2C0030DD94 /* Frameworks */ = {
			isa = PBXFrameworksBuildPhase;
			buildActionMask = 2147483647;
			files = (
			);
			runOnlyForDeploymentPostprocessing = 0;
		};
		13B86F6A2EDD3A2C0030DD94 /* Frameworks */ = {
			isa = PBXFrameworksBuildPhase;
			buildActionMask = 2147483647;
			files = (
			);
			runOnlyForDeploymentPostprocessing = 0;
		};
/* End PBXFrameworksBuildPhase section */

/* Begin PBXGroup section */
		13B86F4B2EDD3A2A0030DD94 = {
			isa = PBXGroup;
			children = (
				13B86F562EDD3A2B0030DD94 /* Cira */,
				13B86F662EDD3A2C0030DD94 /* Cira-Tests */,
				13B86F702EDD3A2C0030DD94 /* Cira-UITests */,
				C5D4E09E2F1B688C007D8F8D /* Frameworks */,
				13B86F552EDD3A2B0030DD94 /* Products */,
			);
			sourceTree = "<group>";
		};
		13B86F552EDD3A2B0030DD94 /* Products */ = {
			isa = PBXGroup;
			children = (
				13B86F542EDD3A2B0030DD94 /* Cira.app */,
				13B86F632EDD3A2C0030DD94 /* CiraTests.xctest */,
				13B86F6D2EDD3A2C0030DD94 /* CiraUITests.xctest */,
			);
			name = Products;
			sourceTree = "<group>";
		};
		C5D4E09E2F1B688C007D8F8D /* Frameworks */ = {
			isa = PBXGroup;
			children = (
			);
			name = Frameworks;
			sourceTree = "<group>";
		};
/* End PBXGroup section */

/* Begin PBXNativeTarget section */
		13B86F532EDD3A2B0030DD94 /* Cira */ = {
			isa = PBXNativeTarget;
			buildConfigurationList = 13B86F772EDD3A2C0030DD94 /* Build configuration list for PBXNativeTarget "Cira" */;
			buildPhases = (
				13B86F502EDD3A2B0030DD94 /* Sources */,
				13B86F512EDD3A2B0030DD94 /* Frameworks */,
				13B86F522EDD3A2B0030DD94 /* Resources */,
			);
			buildRules = (
			);
			dependencies = (
			);
			fileSystemSynchronizedGroups = (
				13B86F562EDD3A2B0030DD94 /* Cira */,
			);
			name = Cira;
			packageProductDependencies = (
				C5D4E0892F1B57A1007D8F8D /* Auth */,
				C5D4E08B2F1B57A1007D8F8D /* Functions */,
				C5D4E08D2F1B57A1007D8F8D /* PostgREST */,
				C5D4E08F2F1B57A1007D8F8D /* Realtime */,
				C5D4E0912F1B57A1007D8F8D /* Storage */,
				C5D4E0982F1B60C4007D8F8D /* GoogleSignIn */,
				C5D4E09A2F1B60C4007D8F8D /* GoogleSignInSwift */,
				C5D4E09F2F1B688C007D8F8D /* Supabase */,
			);
			productName = "Cira-";
			productReference = 13B86F542EDD3A2B0030DD94 /* Cira.app */;
			productType = "com.apple.product-type.application";
		};
		13B86F622EDD3A2C0030DD94 /* CiraTests */ = {
			isa = PBXNativeTarget;
			buildConfigurationList = 13B86F7A2EDD3A2C0030DD94 /* Build configuration list for PBXNativeTarget "CiraTests" */;
			buildPhases = (
				13B86F5F2EDD3A2C0030DD94 /* Sources */,
				13B86F602EDD3A2C0030DD94 /* Frameworks */,
				13B86F612EDD3A2C0030DD94 /* Resources */,
			);
			buildRules = (
			);
			dependencies = (
				13B86F652EDD3A2C0030DD94 /* PBXTargetDependency */,
			);
			fileSystemSynchronizedGroups = (
				13B86F662EDD3A2C0030DD94 /* Cira-Tests */,
			);
			name = CiraTests;
			packageProductDependencies = (
			);
			productName = "Cira-Tests";
			productReference = 13B86F632EDD3A2C0030DD94 /* CiraTests.xctest */;
			productType = "com.apple.product-type.bundle.unit-test";
		};
		13B86F6C2EDD3A2C0030DD94 /* CiraUITests */ = {
			isa = PBXNativeTarget;
			buildConfigurationList = 13B86F7D2EDD3A2C0030DD94 /* Build configuration list for PBXNativeTarget "CiraUITests" */;
			buildPhases = (
				13B86F692EDD3A2C0030DD94 /* Sources */,
				13B86F6A2EDD3A2C0030DD94 /* Frameworks */,
				13B86F6B2EDD3A2C0030DD94 /* Resources */,
			);
			buildRules = (
			);
			dependencies = (
				13B86F6F2EDD3A2C0030DD94 /* PBXTargetDependency */,
			);
			fileSystemSynchronizedGroups = (
				13B86F702EDD3A2C0030DD94 /* Cira-UITests */,
			);
			name = CiraUITests;
			packageProductDependencies = (
			);
			productName = "Cira-UITests";
			productReference = 13B86F6D2EDD3A2C0030DD94 /* CiraUITests.xctest */;
			productType = "com.apple.product-type.bundle.ui-testing";
		};
/* End PBXNativeTarget section */

/* Begin PBXProject section */
		13B86F4C2EDD3A2A0030DD94 /* Project object */ = {
			isa = PBXProject;
			attributes = {
				BuildIndependentTargetsInParallel = 1;
				LastSwiftUpdateCheck = 2610;
				LastUpgradeCheck = 2610;
				TargetAttributes = {
					13B86F532EDD3A2B0030DD94 = {
						CreatedOnToolsVersion = 26.1.1;
					};
					13B86F622EDD3A2C0030DD94 = {
						CreatedOnToolsVersion = 26.1.1;
						TestTargetID = 13B86F532EDD3A2B0030DD94;
					};
					13B86F6C2EDD3A2C0030DD94 = {
						CreatedOnToolsVersion = 26.1.1;
						TestTargetID = 13B86F532EDD3A2B0030DD94;
					};
				};
			};
			buildConfigurationList = 13B86F4F2EDD3A2A0030DD94 /* Build configuration list for PBXProject "Cira" */;
			developmentRegion = en;
			hasScannedForEncodings = 0;
			knownRegions = (
				en,
				Base,
			);
			mainGroup = 13B86F4B2EDD3A2A0030DD94;
			minimizedProjectReferenceProxies = 1;
			packageReferences = (
				C5D4E0882F1B57A1007D8F8D /* XCRemoteSwiftPackageReference "supabase-swift" */,
				C5D4E0972F1B60C4007D8F8D /* XCRemoteSwiftPackageReference "GoogleSignIn-iOS" */,
			);
			preferredProjectObjectVersion = 77;
			productRefGroup = 13B86F552EDD3A2B0030DD94 /* Products */;
			projectDirPath = "";
			projectRoot = "";
			targets = (
				13B86F532EDD3A2B0030DD94 /* Cira */,
				13B86F622EDD3A2C0030DD94 /* CiraTests */,
				13B86F6C2EDD3A2C0030DD94 /* CiraUITests */,
			);
		};
/* End PBXProject section */

/* Begin PBXResourcesBuildPhase section */
		13B86F522EDD3A2B0030DD94 /* Resources */ = {
			isa = PBXResourcesBuildPhase;
			buildActionMask = 2147483647;
			files = (
			);
			runOnlyForDeploymentPostprocessing = 0;
		};
		13B86F612EDD3A2C0030DD94 /* Resources */ = {
			isa = PBXResourcesBuildPhase;
			buildActionMask = 2147483647;
			files = (
			);
			runOnlyForDeploymentPostprocessing = 0;
		};
		13B86F6B2EDD3A2C0030DD94 /* Resources */ = {
			isa = PBXResourcesBuildPhase;
			buildActionMask = 2147483647;
			files = (
			);
			runOnlyForDeploymentPostprocessing = 0;
		};
/* End PBXResourcesBuildPhase section */

/* Begin PBXSourcesBuildPhase section */
		13B86F502EDD3A2B0030DD94 /* Sources */ = {
			isa = PBXSourcesBuildPhase;
			buildActionMask = 2147483647;
			files = (
			);
			runOnlyForDeploymentPostprocessing = 0;
		};
		13B86F5F2EDD3A2C0030DD94 /* Sources */ = {
			isa = PBXSourcesBuildPhase;
			buildActionMask = 2147483647;
			files = (
			);
			runOnlyForDeploymentPostprocessing = 0;
		};
		13B86F692EDD3A2C0030DD94 /* Sources */ = {
			isa = PBXSourcesBuildPhase;
			buildActionMask = 2147483647;
			files = (
			);
			runOnlyForDeploymentPostprocessing = 0;
		};
/* End PBXSourcesBuildPhase section */

/* Begin PBXTargetDependency section */
		13B86F652EDD3A2C0030DD94 /* PBXTargetDependency */ = {
			isa = PBXTargetDependency;
			target = 13B86F532EDD3A2B0030DD94 /* Cira */;
			targetProxy = 13B86F642EDD3A2C0030DD94 /* PBXContainerItemProxy */;
		};
		13B86F6F2EDD3A2C0030DD94 /* PBXTargetDependency */ = {
			isa = PBXTargetDependency;
			target = 13B86F532EDD3A2B0030DD94 /* Cira */;
			targetProxy = 13B86F6E2EDD3A2C0030DD94 /* PBXContainerItemProxy */;
		};
/* End PBXTargetDependency section */

/* Begin XCBuildConfiguration section */
		13B86F752EDD3A2C0030DD94 /* Debug */ = {
			isa = XCBuildConfiguration;
			buildSettings = {
				ALWAYS_SEARCH_USER_PATHS = NO;
				ASSETCATALOG_COMPILER_GENERATE_SWIFT_ASSET_SYMBOL_EXTENSIONS = YES;
				CLANG_ANALYZER_NONNULL = YES;
				CLANG_ANALYZER_NUMBER_OBJECT_CONVERSION = YES_AGGRESSIVE;
				CLANG_CXX_LANGUAGE_STANDARD = "gnu++20";
				CLANG_ENABLE_MODULES = YES;
				CLANG_ENABLE_OBJC_ARC = YES;
				CLANG_ENABLE_OBJC_WEAK = YES;
				CLANG_WARN_BLOCK_CAPTURE_AUTORELEASING = YES;
				CLANG_WARN_BOOL_CONVERSION = YES;
				CLANG_WARN_COMMA = YES;
				CLANG_WARN_CONSTANT_CONVERSION = YES;
				CLANG_WARN_DEPRECATED_OBJC_IMPLEMENTATIONS = YES;
				CLANG_WARN_DIRECT_OBJC_ISA_USAGE = YES_ERROR;
				CLANG_WARN_DOCUMENTATION_COMMENTS = YES;
				CLANG_WARN_EMPTY_BODY = YES;
				CLANG_WARN_ENUM_CONVERSION = YES;
				CLANG_WARN_INFINITE_RECURSION = YES;
				CLANG_WARN_INT_CONVERSION = YES;
				CLANG_WARN_NON_LITERAL_NULL_CONVERSION = YES;
				CLANG_WARN_OBJC_IMPLICIT_RETAIN_SELF = YES;
				CLANG_WARN_OBJC_LITERAL_CONVERSION = YES;
				CLANG_WARN_OBJC_ROOT_CLASS = YES_ERROR;
				CLANG_WARN_QUOTED_INCLUDE_IN_FRAMEWORK_HEADER = YES;
				CLANG_WARN_RANGE_LOOP_ANALYSIS = YES;
				CLANG_WARN_STRICT_PROTOTYPES = YES;
				CLANG_WARN_SUSPICIOUS_MOVE = YES;
				CLANG_WARN_UNGUARDED_AVAILABILITY = YES_AGGRESSIVE;
				CLANG_WARN_UNREACHABLE_CODE = YES;
				CLANG_WARN__DUPLICATE_METHOD_MATCH = YES;
				COPY_PHASE_STRIP = NO;
				DEBUG_INFORMATION_FORMAT = dwarf;
				ENABLE_STRICT_OBJC_MSGSEND = YES;
				ENABLE_TESTABILITY = YES;
				ENABLE_USER_SCRIPT_SANDBOXING = YES;
				GCC_C_LANGUAGE_STANDARD = gnu17;
				GCC_DYNAMIC_NO_PIC = NO;
				GCC_NO_COMMON_BLOCKS = YES;
				GCC_OPTIMIZATION_LEVEL = 0;
				GCC_PREPROCESSOR_DEFINITIONS = (
					"DEBUG=1",
					"$(inherited)",
				);
				GCC_WARN_64_TO_32_BIT_CONVERSION = YES;
				GCC_WARN_ABOUT_RETURN_TYPE = YES_ERROR;
				GCC_WARN_UNDECLARED_SELECTOR = YES;
				GCC_WARN_UNINITIALIZED_AUTOS = YES_AGGRESSIVE;
				GCC_WARN_UNUSED_FUNCTION = YES;
				GCC_WARN_UNUSED_VARIABLE = YES;
				IPHONEOS_DEPLOYMENT_TARGET = 26.1;
				LOCALIZATION_PREFERS_STRING_CATALOGS = YES;
				MTL_ENABLE_DEBUG_INFO = INCLUDE_SOURCE;
				MTL_FAST_MATH = YES;
				ONLY_ACTIVE_ARCH = YES;
				SDKROOT = iphoneos;
				SWIFT_ACTIVE_COMPILATION_CONDITIONS = "DEBUG $(inherited)";
				SWIFT_OPTIMIZATION_LEVEL = "-Onone";
			};
			name = Debug;
		};
		13B86F762EDD3A2C0030DD94 /* Release */ = {
			isa = XCBuildConfiguration;
			buildSettings = {
				ALWAYS_SEARCH_USER_PATHS = NO;
				ASSETCATALOG_COMPILER_GENERATE_SWIFT_ASSET_SYMBOL_EXTENSIONS = YES;
				CLANG_ANALYZER_NONNULL = YES;
				CLANG_ANALYZER_NUMBER_OBJECT_CONVERSION = YES_AGGRESSIVE;
				CLANG_CXX_LANGUAGE_STANDARD = "gnu++20";
				CLANG_ENABLE_MODULES = YES;
				CLANG_ENABLE_OBJC_ARC = YES;
				CLANG_ENABLE_OBJC_WEAK = YES;
				CLANG_WARN_BLOCK_CAPTURE_AUTORELEASING = YES;
				CLANG_WARN_BOOL_CONVERSION = YES;
				CLANG_WARN_COMMA = YES;
				CLANG_WARN_CONSTANT_CONVERSION = YES;
				CLANG_WARN_DEPRECATED_OBJC_IMPLEMENTATIONS = YES;
				CLANG_WARN_DIRECT_OBJC_ISA_USAGE = YES_ERROR;
				CLANG_WARN_DOCUMENTATION_COMMENTS = YES;
				CLANG_WARN_EMPTY_BODY = YES;
				CLANG_WARN_ENUM_CONVERSION = YES;
				CLANG_WARN_INFINITE_RECURSION = YES;
				CLANG_WARN_INT_CONVERSION = YES;
				CLANG_WARN_NON_LITERAL_NULL_CONVERSION = YES;
				CLANG_WARN_OBJC_IMPLICIT_RETAIN_SELF = YES;
				CLANG_WARN_OBJC_LITERAL_CONVERSION = YES;
				CLANG_WARN_OBJC_ROOT_CLASS = YES_ERROR;
				CLANG_WARN_QUOTED_INCLUDE_IN_FRAMEWORK_HEADER = YES;
				CLANG_WARN_RANGE_LOOP_ANALYSIS = YES;
				CLANG_WARN_STRICT_PROTOTYPES = YES;
				CLANG_WARN_SUSPICIOUS_MOVE = YES;
				CLANG_WARN_UNGUARDED_AVAILABILITY = YES_AGGRESSIVE;
				CLANG_WARN_UNREACHABLE_CODE = YES;
				CLANG_WARN__DUPLICATE_METHOD_MATCH = YES;
				COPY_PHASE_STRIP = NO;
				DEBUG_INFORMATION_FORMAT = "dwarf-with-dsym";
				ENABLE_NS_ASSERTIONS = NO;
				ENABLE_STRICT_OBJC_MSGSEND = YES;
				ENABLE_USER_SCRIPT_SANDBOXING = YES;
				GCC_C_LANGUAGE_STANDARD = gnu17;
				GCC_NO_COMMON_BLOCKS = YES;
				GCC_WARN_64_TO_32_BIT_CONVERSION = YES;
				GCC_WARN_ABOUT_RETURN_TYPE = YES_ERROR;
				GCC_WARN_UNDECLARED_SELECTOR = YES;
				GCC_WARN_UNINITIALIZED_AUTOS = YES_AGGRESSIVE;
				GCC_WARN_UNUSED_FUNCTION = YES;
				GCC_WARN_UNUSED_VARIABLE = YES;
				IPHONEOS_DEPLOYMENT_TARGET = 26.1;
				LOCALIZATION_PREFERS_STRING_CATALOGS = YES;
				MTL_ENABLE_DEBUG_INFO = NO;
				MTL_FAST_MATH = YES;
				SDKROOT = iphoneos;
				SWIFT_COMPILATION_MODE = wholemodule;
				VALIDATE_PRODUCT = YES;
			};
			name = Release;
		};
		13B86F782EDD3A2C0030DD94 /* Debug */ = {
			isa = XCBuildConfiguration;
			buildSettings = {
				ASSETCATALOG_COMPILER_APPICON_NAME = AppIcon;
				ASSETCATALOG_COMPILER_GLOBAL_ACCENT_COLOR_NAME = AccentColor;

				CODE_SIGN_STYLE = Automatic;
				CURRENT_PROJECT_VERSION = 1;
				DEVELOPMENT_TEAM = 6NUUJH3K83;
				ENABLE_PREVIEWS = YES;
				GENERATE_INFOPLIST_FILE = YES;
				INFOPLIST_FILE = Cira/Info.plist;
				INFOPLIST_KEY_NSCameraUsageDescription = "Cira needs access to your camera to capture photos for your stories.";
				INFOPLIST_KEY_NSMicrophoneUsageDescription = "Cira needs access to your microphone to record voice notes for your photos.";
				INFOPLIST_KEY_NSPhotoLibraryAddUsageDescription = "Cira needs permission to save photos to your photo library.";
				INFOPLIST_KEY_NSPhotoLibraryUsageDescription = "Cira needs access to your photo library to select photos for your stories.";
				INFOPLIST_KEY_UIApplicationSceneManifest_Generation = YES;
				INFOPLIST_KEY_UIApplicationSupportsIndirectInputEvents = YES;
				INFOPLIST_KEY_UILaunchScreen_Generation = YES;
				INFOPLIST_KEY_UISupportedInterfaceOrientations_iPad = "UIInterfaceOrientationPortrait UIInterfaceOrientationPortraitUpsideDown UIInterfaceOrientationLandscapeLeft UIInterfaceOrientationLandscapeRight";
				INFOPLIST_KEY_UISupportedInterfaceOrientations_iPhone = "UIInterfaceOrientationPortrait UIInterfaceOrientationLandscapeLeft UIInterfaceOrientationLandscapeRight";
				LD_RUNPATH_SEARCH_PATHS = (
					"$(inherited)",
					"@executable_path/Frameworks",
				);
				MARKETING_VERSION = 1.0;
				PRODUCT_BUNDLE_IDENTIFIER = "tutu.Cira-";
				PRODUCT_NAME = "$(TARGET_NAME)";
				STRING_CATALOG_GENERATE_SYMBOLS = YES;
				SWIFT_APPROACHABLE_CONCURRENCY = YES;
				SWIFT_DEFAULT_ACTOR_ISOLATION = MainActor;
				SWIFT_EMIT_LOC_STRINGS = YES;
				SWIFT_UPCOMING_FEATURE_MEMBER_IMPORT_VISIBILITY = YES;
				SWIFT_VERSION = 5.0;
				TARGETED_DEVICE_FAMILY = "1,2";
			};
			name = Debug;
		};
		13B86F792EDD3A2C0030DD94 /* Release */ = {
			isa = XCBuildConfiguration;
			buildSettings = {
				ASSETCATALOG_COMPILER_APPICON_NAME = AppIcon;
				ASSETCATALOG_COMPILER_GLOBAL_ACCENT_COLOR_NAME = AccentColor;

				CODE_SIGN_STYLE = Automatic;
				CURRENT_PROJECT_VERSION = 1;
				DEVELOPMENT_TEAM = 6NUUJH3K83;
				ENABLE_PREVIEWS = YES;
				GENERATE_INFOPLIST_FILE = YES;
				INFOPLIST_FILE = Cira/Info.plist;
				INFOPLIST_KEY_NSCameraUsageDescription = "Cira needs access to your camera to capture photos for your stories.";
				INFOPLIST_KEY_NSMicrophoneUsageDescription = "Cira needs access to your microphone to record voice notes for your photos.";
				INFOPLIST_KEY_NSPhotoLibraryAddUsageDescription = "Cira needs permission to save photos to your photo library.";
				INFOPLIST_KEY_NSPhotoLibraryUsageDescription = "Cira needs access to your photo library to select photos for your stories.";
				INFOPLIST_KEY_UIApplicationSceneManifest_Generation = YES;
				INFOPLIST_KEY_UIApplicationSupportsIndirectInputEvents = YES;
				INFOPLIST_KEY_UILaunchScreen_Generation = YES;
				INFOPLIST_KEY_UISupportedInterfaceOrientations_iPad = "UIInterfaceOrientationPortrait UIInterfaceOrientationPortraitUpsideDown UIInterfaceOrientationLandscapeLeft UIInterfaceOrientationLandscapeRight";
				INFOPLIST_KEY_UISupportedInterfaceOrientations_iPhone = "UIInterfaceOrientationPortrait UIInterfaceOrientationLandscapeLeft UIInterfaceOrientationLandscapeRight";
				LD_RUNPATH_SEARCH_PATHS = (
					"$(inherited)",
					"@executable_path/Frameworks",
				);
				MARKETING_VERSION = 1.0;
				PRODUCT_BUNDLE_IDENTIFIER = "tutu.Cira-";
				PRODUCT_NAME = "$(TARGET_NAME)";
				STRING_CATALOG_GENERATE_SYMBOLS = YES;
				SWIFT_APPROACHABLE_CONCURRENCY = YES;
				SWIFT_DEFAULT_ACTOR_ISOLATION = MainActor;
				SWIFT_EMIT_LOC_STRINGS = YES;
				SWIFT_UPCOMING_FEATURE_MEMBER_IMPORT_VISIBILITY = YES;
				SWIFT_VERSION = 5.0;
				TARGETED_DEVICE_FAMILY = "1,2";
			};
			name = Release;
		};
		13B86F7B2EDD3A2C0030DD94 /* Debug */ = {
			isa = XCBuildConfiguration;
			buildSettings = {
				BUNDLE_LOADER = "$(TEST_HOST)";
				CODE_SIGN_STYLE = Automatic;
				CURRENT_PROJECT_VERSION = 1;
				GENERATE_INFOPLIST_FILE = YES;
				IPHONEOS_DEPLOYMENT_TARGET = 26.1;
				MARKETING_VERSION = 1.0;
				PRODUCT_BUNDLE_IDENTIFIER = "tutu.Cira-Tests";
				PRODUCT_NAME = "$(TARGET_NAME)";
				STRING_CATALOG_GENERATE_SYMBOLS = NO;
				SWIFT_APPROACHABLE_CONCURRENCY = YES;
				SWIFT_EMIT_LOC_STRINGS = NO;
				SWIFT_UPCOMING_FEATURE_MEMBER_IMPORT_VISIBILITY = YES;
				SWIFT_VERSION = 5.0;
				TARGETED_DEVICE_FAMILY = "1,2";
				TEST_HOST = "$(BUILT_PRODUCTS_DIR)/Cira.app/$(BUNDLE_EXECUTABLE_FOLDER_PATH)/Cira";
			};
			name = Debug;
		};
		13B86F7C2EDD3A2C0030DD94 /* Release */ = {
			isa = XCBuildConfiguration;
			buildSettings = {
				BUNDLE_LOADER = "$(TEST_HOST)";
				CODE_SIGN_STYLE = Automatic;
				CURRENT_PROJECT_VERSION = 1;
				GENERATE_INFOPLIST_FILE = YES;
				IPHONEOS_DEPLOYMENT_TARGET = 26.1;
				MARKETING_VERSION = 1.0;
				PRODUCT_BUNDLE_IDENTIFIER = "tutu.Cira-Tests";
				PRODUCT_NAME = "$(TARGET_NAME)";
				STRING_CATALOG_GENERATE_SYMBOLS = NO;
				SWIFT_APPROACHABLE_CONCURRENCY = YES;
				SWIFT_EMIT_LOC_STRINGS = NO;
				SWIFT_UPCOMING_FEATURE_MEMBER_IMPORT_VISIBILITY = YES;
				SWIFT_VERSION = 5.0;
				TARGETED_DEVICE_FAMILY = "1,2";
				TEST_HOST = "$(BUILT_PRODUCTS_DIR)/Cira.app/$(BUNDLE_EXECUTABLE_FOLDER_PATH)/Cira";
			};
			name = Release;
		};
		13B86F7E2EDD3A2C0030DD94 /* Debug */ = {
			isa = XCBuildConfiguration;
			buildSettings = {
				CODE_SIGN_STYLE = Automatic;
				CURRENT_PROJECT_VERSION = 1;
				GENERATE_INFOPLIST_FILE = YES;
				MARKETING_VERSION = 1.0;
				PRODUCT_BUNDLE_IDENTIFIER = "tutu.Cira-UITests";
				PRODUCT_NAME = "$(TARGET_NAME)";
				STRING_CATALOG_GENERATE_SYMBOLS = NO;
				SWIFT_APPROACHABLE_CONCURRENCY = YES;
				SWIFT_EMIT_LOC_STRINGS = NO;
				SWIFT_UPCOMING_FEATURE_MEMBER_IMPORT_VISIBILITY = YES;
				SWIFT_VERSION = 5.0;
				TARGETED_DEVICE_FAMILY = "1,2";
				TEST_TARGET_NAME = "Cira-";
			};
			name = Debug;
		};
		13B86F7F2EDD3A2C0030DD94 /* Release */ = {
			isa = XCBuildConfiguration;
			buildSettings = {
				CODE_SIGN_STYLE = Automatic;
				CURRENT_PROJECT_VERSION = 1;
				GENERATE_INFOPLIST_FILE = YES;
				MARKETING_VERSION = 1.0;
				PRODUCT_BUNDLE_IDENTIFIER = "tutu.Cira-UITests";
				PRODUCT_NAME = "$(TARGET_NAME)";
				STRING_CATALOG_GENERATE_SYMBOLS = NO;
				SWIFT_APPROACHABLE_CONCURRENCY = YES;
				SWIFT_EMIT_LOC_STRINGS = NO;
				SWIFT_UPCOMING_FEATURE_MEMBER_IMPORT_VISIBILITY = YES;
				SWIFT_VERSION = 5.0;
				TARGETED_DEVICE_FAMILY = "1,2";
				TEST_TARGET_NAME = "Cira-";
			};
			name = Release;
		};
/* End XCBuildConfiguration section */

/* Begin XCConfigurationList section */
		13B86F4F2EDD3A2A0030DD94 /* Build configuration list for PBXProject "Cira" */ = {
			isa = XCConfigurationList;
			buildConfigurations = (
				13B86F752EDD3A2C0030DD94 /* Debug */,
				13B86F762EDD3A2C0030DD94 /* Release */,
			);
			defaultConfigurationIsVisible = 0;
			defaultConfigurationName = Release;
		};
		13B86F772EDD3A2C0030DD94 /* Build configuration list for PBXNativeTarget "Cira" */ = {
			isa = XCConfigurationList;
			buildConfigurations = (
				13B86F782EDD3A2C0030DD94 /* Debug */,
				13B86F792EDD3A2C0030DD94 /* Release */,
			);
			defaultConfigurationIsVisible = 0;
			defaultConfigurationName = Release;
		};
		13B86F7A2EDD3A2C0030DD94 /* Build configuration list for PBXNativeTarget "CiraTests" */ = {
			isa = XCConfigurationList;
			buildConfigurations = (
				13B86F7B2EDD3A2C0030DD94 /* Debug */,
				13B86F7C2EDD3A2C0030DD94 /* Release */,
			);
			defaultConfigurationIsVisible = 0;
			defaultConfigurationName = Release;
		};
		13B86F7D2EDD3A2C0030DD94 /* Build configuration list for PBXNativeTarget "CiraUITests" */ = {
			isa = XCConfigurationList;
			buildConfigurations = (
				13B86F7E2EDD3A2C0030DD94 /* Debug */,
				13B86F7F2EDD3A2C0030DD94 /* Release */,
			);
			defaultConfigurationIsVisible = 0;
			defaultConfigurationName = Release;
		};
/* End XCConfigurationList section */

/* Begin XCRemoteSwiftPackageReference section */
		C5D4E0882F1B57A1007D8F8D /* XCRemoteSwiftPackageReference "supabase-swift" */ = {
			isa = XCRemoteSwiftPackageReference;
			repositoryURL = "https://github.com/supabase/supabase-swift";
			requirement = {
				kind = upToNextMajorVersion;
				minimumVersion = 2.5.1;
			};
		};
		C5D4E0972F1B60C4007D8F8D /* XCRemoteSwiftPackageReference "GoogleSignIn-iOS" */ = {
			isa = XCRemoteSwiftPackageReference;
			repositoryURL = "https://github.com/google/GoogleSignIn-iOS";
			requirement = {
				kind = upToNextMajorVersion;
				minimumVersion = 9.1.0;
			};
		};
/* End XCRemoteSwiftPackageReference section */

/* Begin XCSwiftPackageProductDependency section */
		C5D4E0892F1B57A1007D8F8D /* Auth */ = {
			isa = XCSwiftPackageProductDependency;
			package = C5D4E0882F1B57A1007D8F8D /* XCRemoteSwiftPackageReference "supabase-swift" */;
			productName = Auth;
		};
		C5D4E08B2F1B57A1007D8F8D /* Functions */ = {
			isa = XCSwiftPackageProductDependency;
			package = C5D4E0882F1B57A1007D8F8D /* XCRemoteSwiftPackageReference "supabase-swift" */;
			productName = Functions;
		};
		C5D4E08D2F1B57A1007D8F8D /* PostgREST */ = {
			isa = XCSwiftPackageProductDependency;
			package = C5D4E0882F1B57A1007D8F8D /* XCRemoteSwiftPackageReference "supabase-swift" */;
			productName = PostgREST;
		};
		C5D4E08F2F1B57A1007D8F8D /* Realtime */ = {
			isa = XCSwiftPackageProductDependency;
			package = C5D4E0882F1B57A1007D8F8D /* XCRemoteSwiftPackageReference "supabase-swift" */;
			productName = Realtime;
		};
		C5D4E0912F1B57A1007D8F8D /* Storage */ = {
			isa = XCSwiftPackageProductDependency;
			package = C5D4E0882F1B57A1007D8F8D /* XCRemoteSwiftPackageReference "supabase-swift" */;
			productName = Storage;
		};
		C5D4E0982F1B60C4007D8F8D /* GoogleSignIn */ = {
			isa = XCSwiftPackageProductDependency;
			package = C5D4E0972F1B60C4007D8F8D /* XCRemoteSwiftPackageReference "GoogleSignIn-iOS" */;
			productName = GoogleSignIn;
		};
		C5D4E09A2F1B60C4007D8F8D /* GoogleSignInSwift */ = {
			isa = XCSwiftPackageProductDependency;
			package = C5D4E0972F1B60C4007D8F8D /* XCRemoteSwiftPackageReference "GoogleSignIn-iOS" */;
			productName = GoogleSignInSwift;
		};
		C5D4E09F2F1B688C007D8F8D /* Supabase */ = {
			isa = XCSwiftPackageProductDependency;
			package = C5D4E0882F1B57A1007D8F8D /* XCRemoteSwiftPackageReference "supabase-swift" */;
			productName = Supabase;
		};
/* End XCSwiftPackageProductDependency section */
	};
	rootObject = 13B86F4C2EDD3A2A0030DD94 /* Project object */;
}
